// !$*UTF8*$!
{
	archiveVersion = 1;
	classes = {
	};
	objectVersion = 55;
	objects = {

/* Begin PBXBuildFile section */
		6253389B283B8188007CFEA0 /* Edit_PageApp.swift in Sources */ = {isa = PBXBuildFile; fileRef = 6253389A283B8188007CFEA0 /* Edit_PageApp.swift */; };
		6253389D283B8188007CFEA0 /* ContentView.swift in Sources */ = {isa = PBXBuildFile; fileRef = 6253389C283B8188007CFEA0 /* ContentView.swift */; };
		6253389F283B818B007CFEA0 /* Assets.xcassets in Resources */ = {isa = PBXBuildFile; fileRef = 6253389E283B818B007CFEA0 /* Assets.xcassets */; };
		625338A2283B818B007CFEA0 /* Preview Assets.xcassets in Resources */ = {isa = PBXBuildFile; fileRef = 625338A1283B818B007CFEA0 /* Preview Assets.xcassets */; };
		625338A9283B885D007CFEA0 /* EditProfil.swift in Sources */ = {isa = PBXBuildFile; fileRef = 625338A8283B885D007CFEA0 /* EditProfil.swift */; };
		625338AB283B8CAE007CFEA0 /* ChangePicture.swift in Sources */ = {isa = PBXBuildFile; fileRef = 625338AA283B8CAE007CFEA0 /* ChangePicture.swift */; };
		625338AD283BAEF8007CFEA0 /* ProfilPhotoMod.swift in Sources */ = {isa = PBXBuildFile; fileRef = 625338AC283BAEF8007CFEA0 /* ProfilPhotoMod.swift */; };
/* End PBXBuildFile section */

/* Begin PBXFileReference section */
		62533897283B8188007CFEA0 /* Edit Page.app */ = {isa = PBXFileReference; explicitFileType = wrapper.application; includeInIndex = 0; path = "Edit Page.app"; sourceTree = BUILT_PRODUCTS_DIR; };
		6253389A283B8188007CFEA0 /* Edit_PageApp.swift */ = {isa = PBXFileReference; lastKnownFileType = sourcecode.swift; path = Edit_PageApp.swift; sourceTree = "<group>"; };
		6253389C283B8188007CFEA0 /* ContentView.swift */ = {isa = PBXFileReference; lastKnownFileType = sourcecode.swift; path = ContentView.swift; sourceTree = "<group>"; };
		6253389E283B818B007CFEA0 /* Assets.xcassets */ = {isa = PBXFileReference; lastKnownFileType = folder.assetcatalog; path = Assets.xcassets; sourceTree = "<group>"; };
		625338A1283B818B007CFEA0 /* Preview Assets.xcassets */ = {isa = PBXFileReference; lastKnownFileType = folder.assetcatalog; path = "Preview Assets.xcassets"; sourceTree = "<group>"; };
		625338A8283B885D007CFEA0 /* EditProfil.swift */ = {isa = PBXFileReference; lastKnownFileType = sourcecode.swift; path = EditProfil.swift; sourceTree = "<group>"; };
		625338AA283B8CAE007CFEA0 /* ChangePicture.swift */ = {isa = PBXFileReference; lastKnownFileType = sourcecode.swift; path = ChangePicture.swift; sourceTree = "<group>"; };
		625338AC283BAEF8007CFEA0 /* ProfilPhotoMod.swift */ = {isa = PBXFileReference; lastKnownFileType = sourcecode.swift; path = ProfilPhotoMod.swift; sourceTree = "<group>"; };
/* End PBXFileReference section */

/* Begin PBXFrameworksBuildPhase section */
		62533894283B8188007CFEA0 /* Frameworks */ = {
			isa = PBXFrameworksBuildPhase;
			buildActionMask = 2147483647;
			files = (
			);
			runOnlyForDeploymentPostprocessing = 0;
		};
/* End PBXFrameworksBuildPhase section */

/* Begin PBXGroup section */
		6253388E283B8188007CFEA0 = {
			isa = PBXGroup;
			children = (
				62533899283B8188007CFEA0 /* Edit Page */,
				62533898283B8188007CFEA0 /* Products */,
			);
			sourceTree = "<group>";
		};
		62533898283B8188007CFEA0 /* Products */ = {
			isa = PBXGroup;
			children = (
				62533897283B8188007CFEA0 /* Edit Page.app */,
			);
			name = Products;
			sourceTree = "<group>";
		};
		62533899283B8188007CFEA0 /* Edit Page */ = {
			isa = PBXGroup;
			children = (
				6253389A283B8188007CFEA0 /* Edit_PageApp.swift */,
				6253389C283B8188007CFEA0 /* ContentView.swift */,
				625338A8283B885D007CFEA0 /* EditProfil.swift */,
				625338AA283B8CAE007CFEA0 /* ChangePicture.swift */,
				625338AC283BAEF8007CFEA0 /* ProfilPhotoMod.swift */,
				6253389E283B818B007CFEA0 /* Assets.xcassets */,
				625338A0283B818B007CFEA0 /* Preview Content */,
			);
			path = "Edit Page";
			sourceTree = "<group>";
		};
		625338A0283B818B007CFEA0 /* Preview Content */ = {
			isa = PBXGroup;
			children = (
				625338A1283B818B007CFEA0 /* Preview Assets.xcassets */,
			);
			path = "Preview Content";
			sourceTree = "<group>";
		};
/* End PBXGroup section */

/* Begin PBXNativeTarget section */
		62533896283B8188007CFEA0 /* Edit Page */ = {
			isa = PBXNativeTarget;
			buildConfigurationList = 625338A5283B818B007CFEA0 /* Build configuration list for PBXNativeTarget "Edit Page" */;
			buildPhases = (
				62533893283B8188007CFEA0 /* Sources */,
				62533894283B8188007CFEA0 /* Frameworks */,
				62533895283B8188007CFEA0 /* Resources */,
			);
			buildRules = (
			);
			dependencies = (
			);
			name = "Edit Page";
			productName = "Edit Page";
			productReference = 62533897283B8188007CFEA0 /* Edit Page.app */;
			productType = "com.apple.product-type.application";
		};
/* End PBXNativeTarget section */

/* Begin PBXProject section */
		6253388F283B8188007CFEA0 /* Project object */ = {
			isa = PBXProject;
			attributes = {
				BuildIndependentTargetsInParallel = 1;
				LastSwiftUpdateCheck = 1340;
				LastUpgradeCheck = 1340;
				TargetAttributes = {
					62533896283B8188007CFEA0 = {
						CreatedOnToolsVersion = 13.4;
					};
				};
			};
			buildConfigurationList = 62533892283B8188007CFEA0 /* Build configuration list for PBXProject "Edit Page" */;
			compatibilityVersion = "Xcode 13.0";
			developmentRegion = en;
			hasScannedForEncodings = 0;
			knownRegions = (
				en,
				Base,
			);
			mainGroup = 6253388E283B8188007CFEA0;
			productRefGroup = 62533898283B8188007CFEA0 /* Products */;
			projectDirPath = "";
			projectRoot = "";
			targets = (
				62533896283B8188007CFEA0 /* Edit Page */,
			);
		};
/* End PBXProject section */

/* Begin PBXResourcesBuildPhase section */
		62533895283B8188007CFEA0 /* Resources */ = {
			isa = PBXResourcesBuildPhase;
			buildActionMask = 2147483647;
			files = (
				625338A2283B818B007CFEA0 /* Preview Assets.xcassets in Resources */,
				6253389F283B818B007CFEA0 /* Assets.xcassets in Resources */,
			);
			runOnlyForDeploymentPostprocessing = 0;
		};
/* End PBXResourcesBuildPhase section */

/* Begin PBXSourcesBuildPhase section */
		62533893283B8188007CFEA0 /* Sources */ = {
			isa = PBXSourcesBuildPhase;
			buildActionMask = 2147483647;
			files = (
				625338AB283B8CAE007CFEA0 /* ChangePicture.swift in Sources */,
				6253389D283B8188007CFEA0 /* ContentView.swift in Sources */,
				625338AD283BAEF8007CFEA0 /* ProfilPhotoMod.swift in Sources */,
				6253389B283B8188007CFEA0 /* Edit_PageApp.swift in Sources */,
				625338A9283B885D007CFEA0 /* EditProfil.swift in Sources */,
			);
			runOnlyForDeploymentPostprocessing = 0;
		};
/* End PBXSourcesBuildPhase section */

/* Begin XCBuildConfiguration section */
		625338A3283B818B007CFEA0 /* Debug */ = {
			isa = XCBuildConfiguration;
			buildSettings = {
				ALWAYS_SEARCH_USER_PATHS = NO;
				CLANG_ANALYZER_NONNULL = YES;
				CLANG_ANALYZER_NUMBER_OBJECT_CONVERSION = YES_AGGRESSIVE;
				CLANG_CXX_LANGUAGE_STANDARD = "gnu++17";
				CLANG_ENABLE_MODULES = YES;
				CLANG_ENABLE_OBJC_ARC = YES;
				CLANG_ENABLE_OBJC_WEAK = YES;
				CLANG_WARN_BLOCK_CAPTURE_AUTORELEASING = YES;
				CLANG_WARN_BOOL_CONVERSION = YES;
				CLANG_WARN_COMMA = YES;
				CLANG_WARN_CONSTANT_CONVERSION = YES;
				CLANG_WARN_DEPRECATED_OBJC_IMPLEMENTATIONS = YES;
				CLANG_WARN_DIRECT_OBJC_ISA_USAGE = YES_ERROR;
				CLANG_WARN_DOCUMENTATION_COMMENTS = YES;
				CLANG_WARN_EMPTY_BODY = YES;
				CLANG_WARN_ENUM_CONVERSION = YES;
				CLANG_WARN_INFINITE_RECURSION = YES;
				CLANG_WARN_INT_CONVERSION = YES;
				CLANG_WARN_NON_LITERAL_NULL_CONVERSION = YES;
				CLANG_WARN_OBJC_IMPLICIT_RETAIN_SELF = YES;
				CLANG_WARN_OBJC_LITERAL_CONVERSION = YES;
				CLANG_WARN_OBJC_ROOT_CLASS = YES_ERROR;
				CLANG_WARN_QUOTED_INCLUDE_IN_FRAMEWORK_HEADER = YES;
				CLANG_WARN_RANGE_LOOP_ANALYSIS = YES;
				CLANG_WARN_STRICT_PROTOTYPES = YES;
				CLANG_WARN_SUSPICIOUS_MOVE = YES;
				CLANG_WARN_UNGUARDED_AVAILABILITY = YES_AGGRESSIVE;
				CLANG_WARN_UNREACHABLE_CODE = YES;
				CLANG_WARN__DUPLICATE_METHOD_MATCH = YES;
				COPY_PHASE_STRIP = NO;
				DEBUG_INFORMATION_FORMAT = dwarf;
				ENABLE_STRICT_OBJC_MSGSEND = YES;
				ENABLE_TESTABILITY = YES;
				GCC_C_LANGUAGE_STANDARD = gnu11;
				GCC_DYNAMIC_NO_PIC = NO;
				GCC_NO_COMMON_BLOCKS = YES;
				GCC_OPTIMIZATION_LEVEL = 0;
				GCC_PREPROCESSOR_DEFINITIONS = (
					"DEBUG=1",
					"$(inherited)",
				);
				GCC_WARN_64_TO_32_BIT_CONVERSION = YES;
				GCC_WARN_ABOUT_RETURN_TYPE = YES_ERROR;
				GCC_WARN_UNDECLARED_SELECTOR = YES;
				GCC_WARN_UNINITIALIZED_AUTOS = YES_AGGRESSIVE;
				GCC_WARN_UNUSED_FUNCTION = YES;
				GCC_WARN_UNUSED_VARIABLE = YES;
				IPHONEOS_DEPLOYMENT_TARGET = 15.5;
				MTL_ENABLE_DEBUG_INFO = INCLUDE_SOURCE;
				MTL_FAST_MATH = YES;
				ONLY_ACTIVE_ARCH = YES;
				SDKROOT = iphoneos;
				SWIFT_ACTIVE_COMPILATION_CONDITIONS = DEBUG;
				SWIFT_OPTIMIZATION_LEVEL = "-Onone";
			};
			name = Debug;
		};
		625338A4283B818B007CFEA0 /* Release */ = {
			isa = XCBuildConfiguration;
			buildSettings = {
				ALWAYS_SEARCH_USER_PATHS = NO;
				CLANG_ANALYZER_NONNULL = YES;
				CLANG_ANALYZER_NUMBER_OBJECT_CONVERSION = YES_AGGRESSIVE;
				CLANG_CXX_LANGUAGE_STANDARD = "gnu++17";
				CLANG_ENABLE_MODULES = YES;
				CLANG_ENABLE_OBJC_ARC = YES;
				CLANG_ENABLE_OBJC_WEAK = YES;
				CLANG_WARN_BLOCK_CAPTURE_AUTORELEASING = YES;
				CLANG_WARN_BOOL_CONVERSION = YES;
				CLANG_WARN_COMMA = YES;
				CLANG_WARN_CONSTANT_CONVERSION = YES;
				CLANG_WARN_DEPRECATED_OBJC_IMPLEMENTATIONS = YES;
				CLANG_WARN_DIRECT_OBJC_ISA_USAGE = YES_ERROR;
				CLANG_WARN_DOCUMENTATION_COMMENTS = YES;
				CLANG_WARN_EMPTY_BODY = YES;
				CLANG_WARN_ENUM_CONVERSION = YES;
				CLANG_WARN_INFINITE_RECURSION = YES;
				CLANG_WARN_INT_CONVERSION = YES;
				CLANG_WARN_NON_LITERAL_NULL_CONVERSION = YES;
				CLANG_WARN_OBJC_IMPLICIT_RETAIN_SELF = YES;
				CLANG_WARN_OBJC_LITERAL_CONVERSION = YES;
				CLANG_WARN_OBJC_ROOT_CLASS = YES_ERROR;
				CLANG_WARN_QUOTED_INCLUDE_IN_FRAMEWORK_HEADER = YES;
				CLANG_WARN_RANGE_LOOP_ANALYSIS = YES;
				CLANG_WARN_STRICT_PROTOTYPES = YES;
				CLANG_WARN_SUSPICIOUS_MOVE = YES;
				CLANG_WARN_UNGUARDED_AVAILABILITY = YES_AGGRESSIVE;
				CLANG_WARN_UNREACHABLE_CODE = YES;
				CLANG_WARN__DUPLICATE_METHOD_MATCH = YES;
				COPY_PHASE_STRIP = NO;
				DEBUG_INFORMATION_FORMAT = "dwarf-with-dsym";
				ENABLE_NS_ASSERTIONS = NO;
				ENABLE_STRICT_OBJC_MSGSEND = YES;
				GCC_C_LANGUAGE_STANDARD = gnu11;
				GCC_NO_COMMON_BLOCKS = YES;
				GCC_WARN_64_TO_32_BIT_CONVERSION = YES;
				GCC_WARN_ABOUT_RETURN_TYPE = YES_ERROR;
				GCC_WARN_UNDECLARED_SELECTOR = YES;
				GCC_WARN_UNINITIALIZED_AUTOS = YES_AGGRESSIVE;
				GCC_WARN_UNUSED_FUNCTION = YES;
				GCC_WARN_UNUSED_VARIABLE = YES;
				IPHONEOS_DEPLOYMENT_TARGET = 15.5;
				MTL_ENABLE_DEBUG_INFO = NO;
				MTL_FAST_MATH = YES;
				SDKROOT = iphoneos;
				SWIFT_COMPILATION_MODE = wholemodule;
				SWIFT_OPTIMIZATION_LEVEL = "-O";
				VALIDATE_PRODUCT = YES;
			};
			name = Release;
		};
		625338A6283B818B007CFEA0 /* Debug */ = {
			isa = XCBuildConfiguration;
			buildSettings = {
				ASSETCATALOG_COMPILER_APPICON_NAME = AppIcon;
				ASSETCATALOG_COMPILER_GLOBAL_ACCENT_COLOR_NAME = AccentColor;
				CODE_SIGN_STYLE = Automatic;
				CURRENT_PROJECT_VERSION = 1;
				DEVELOPMENT_ASSET_PATHS = "\"Edit Page/Preview Content\"";
				DEVELOPMENT_TEAM = 8YR2KQ4MQ5;
				ENABLE_PREVIEWS = YES;
				GENERATE_INFOPLIST_FILE = YES;
				INFOPLIST_KEY_UIApplicationSceneManifest_Generation = YES;
				INFOPLIST_KEY_UIApplicationSupportsIndirectInputEvents = YES;
				INFOPLIST_KEY_UILaunchScreen_Generation = YES;
				INFOPLIST_KEY_UISupportedInterfaceOrientations_iPad = "UIInterfaceOrientationPortrait UIInterfaceOrientationPortraitUpsideDown UIInterfaceOrientationLandscapeLeft UIInterfaceOrientationLandscapeRight";
				INFOPLIST_KEY_UISupportedInterfaceOrientations_iPhone = "UIInterfaceOrientationPortrait UIInterfaceOrientationLandscapeLeft UIInterfaceOrientationLandscapeRight";
				LD_RUNPATH_SEARCH_PATHS = (
					"$(inherited)",
					"@executable_path/Frameworks",
				);
				MARKETING_VERSION = 1.0;
				PRODUCT_BUNDLE_IDENTIFIER = "com.TristanA.Edit-Page";
				PRODUCT_NAME = "$(TARGET_NAME)";
				SWIFT_EMIT_LOC_STRINGS = YES;
				SWIFT_VERSION = 5.0;
				TARGETED_DEVICE_FAMILY = "1,2";
			};
			name = Debug;
		};
		625338A7283B818B007CFEA0 /* Release */ = {
			isa = XCBuildConfiguration;
			buildSettings = {
				ASSETCATALOG_COMPILER_APPICON_NAME = AppIcon;
				ASSETCATALOG_COMPILER_GLOBAL_ACCENT_COLOR_NAME = AccentColor;
				CODE_SIGN_STYLE = Automatic;
				CURRENT_PROJECT_VERSION = 1;
				DEVELOPMENT_ASSET_PATHS = "\"Edit Page/Preview Content\"";
				DEVELOPMENT_TEAM = 8YR2KQ4MQ5;
				ENABLE_PREVIEWS = YES;
				GENERATE_INFOPLIST_FILE = YES;
				INFOPLIST_KEY_UIApplicationSceneManifest_Generation = YES;
				INFOPLIST_KEY_UIApplicationSupportsIndirectInputEvents = YES;
				INFOPLIST_KEY_UILaunchScreen_Generation = YES;
				INFOPLIST_KEY_UISupportedInterfaceOrientations_iPad = "UIInterfaceOrientationPortrait UIInterfaceOrientationPortraitUpsideDown UIInterfaceOrientationLandscapeLeft UIInterfaceOrientationLandscapeRight";
				INFOPLIST_KEY_UISupportedInterfaceOrientations_iPhone = "UIInterfaceOrientationPortrait UIInterfaceOrientationLandscapeLeft UIInterfaceOrientationLandscapeRight";
				LD_RUNPATH_SEARCH_PATHS = (
					"$(inherited)",
					"@executable_path/Frameworks",
				);
				MARKETING_VERSION = 1.0;
				PRODUCT_BUNDLE_IDENTIFIER = "com.TristanA.Edit-Page";
				PRODUCT_NAME = "$(TARGET_NAME)";
				SWIFT_EMIT_LOC_STRINGS = YES;
				SWIFT_VERSION = 5.0;
				TARGETED_DEVICE_FAMILY = "1,2";
			};
			name = Release;
		};
/* End XCBuildConfiguration section */

/* Begin XCConfigurationList section */
		62533892283B8188007CFEA0 /* Build configuration list for PBXProject "Edit Page" */ = {
			isa = XCConfigurationList;
			buildConfigurations = (
				625338A3283B818B007CFEA0 /* Debug */,
				625338A4283B818B007CFEA0 /* Release */,
			);
			defaultConfigurationIsVisible = 0;
			defaultConfigurationName = Release;
		};
		625338A5283B818B007CFEA0 /* Build configuration list for PBXNativeTarget "Edit Page" */ = {
			isa = XCConfigurationList;
			buildConfigurations = (
				625338A6283B818B007CFEA0 /* Debug */,
				625338A7283B818B007CFEA0 /* Release */,
			);
			defaultConfigurationIsVisible = 0;
			defaultConfigurationName = Release;
		};
/* End XCConfigurationList section */
	};
	rootObject = 6253388F283B8188007CFEA0 /* Project object */;
}
